
Microsoft Visual Studio Solution File, Format Version 12.00
# Visual Studio Version 17
VisualStudioVersion = 17.14.36221.1
MinimumVisualStudioVersion = 10.0.40219.1
Project("{FAE04EC0-301F-11D3-BF4B-00C04F79EFBC}") = "hmlib.PersianDateTests", "test\hmlib.PersianDateTests.csproj", "{59397C89-4B59-1681-7AE9-F0F26ECD77CD}"
EndProject
Project("{FAE04EC0-301F-11D3-BF4B-00C04F79EFBC}") = "hmlib.PersianDate", "src\hmlib.PersianDate.csproj", "{03C01537-0EEC-851D-815A-97CF98D35C84}"
EndProject
Global
	GlobalSection(SolutionConfigurationPlatforms) = preSolution
		Debug|Any CPU = Debug|Any CPU
		Release|Any CPU = Release|Any CPU
	EndGlobalSection
	GlobalSection(ProjectConfigurationPlatforms) = postSolution
		{59397C89-4B59-1681-7AE9-F0F26ECD77CD}.Debug|Any CPU.ActiveCfg = Debug|Any CPU
		{59397C89-4B59-1681-7AE9-F0F26ECD77CD}.Debug|Any CPU.Build.0 = Debug|Any CPU
		{59397C89-4B59-1681-7AE9-F0F26ECD77CD}.Release|Any CPU.ActiveCfg = Release|Any CPU
		{59397C89-4B59-1681-7AE9-F0F26ECD77CD}.Release|Any CPU.Build.0 = Release|Any CPU
		{03C01537-0EEC-851D-815A-97CF98D35C84}.Debug|Any CPU.ActiveCfg = Debug|Any CPU
		{03C01537-0EEC-851D-815A-97CF98D35C84}.Debug|Any CPU.Build.0 = Debug|Any CPU
		{03C01537-0EEC-851D-815A-97CF98D35C84}.Release|Any CPU.ActiveCfg = Release|Any CPU
		{03C01537-0EEC-851D-815A-97CF98D35C84}.Release|Any CPU.Build.0 = Release|Any CPU
	EndGlobalSection
	GlobalSection(SolutionProperties) = preSolution
		HideSolutionNode = FALSE
	EndGlobalSection
	GlobalSection(ExtensibilityGlobals) = postSolution
		SolutionGuid = {C50CF09F-9EE2-4D07-A71C-5A34C3DE6D27}
	EndGlobalSection
EndGlobal
